
Microsoft Visual Studio Solution File, Format Version 12.00
# Visual Studio Version 16
VisualStudioVersion = 16.0.30517.126
MinimumVisualStudioVersion = 10.0.40219.1
Project("{2150E333-8FDC-42A3-9474-1A3956D46DE8}") = "src", "src", "{BCB5219D-75B4-4312-86F5-0EC5EBDD2E65}"
EndProject
Project("{9A19103F-16F7-4668-BE54-9A1E7A4F7556}") = "Batcaverna", "src\Batcaverna.csproj", "{EA4003CE-F946-46E1-A898-64D28676CE8D}"
EndProject
Global
	GlobalSection(SolutionConfigurationPlatforms) = preSolution
		Debug|Any CPU = Debug|Any CPU
		Release|Any CPU = Release|Any CPU
	EndGlobalSection
	GlobalSection(ProjectConfigurationPlatforms) = postSolution
		{EA4003CE-F946-46E1-A898-64D28676CE8D}.Debug|Any CPU.ActiveCfg = Debug|Any CPU
		{EA4003CE-F946-46E1-A898-64D28676CE8D}.Debug|Any CPU.Build.0 = Debug|Any CPU
		{EA4003CE-F946-46E1-A898-64D28676CE8D}.Release|Any CPU.ActiveCfg = Release|Any CPU
		{EA4003CE-F946-46E1-A898-64D28676CE8D}.Release|Any CPU.Build.0 = Release|Any CPU
	EndGlobalSection
	GlobalSection(SolutionProperties) = preSolution
		HideSolutionNode = FALSE
	EndGlobalSection
	GlobalSection(NestedProjects) = preSolution
		{EA4003CE-F946-46E1-A898-64D28676CE8D} = {BCB5219D-75B4-4312-86F5-0EC5EBDD2E65}
	EndGlobalSection
	GlobalSection(ExtensibilityGlobals) = postSolution
		SolutionGuid = {A7323FF9-A3FE-46F8-98DF-4A43EA6F6A7E}
	EndGlobalSection
EndGlobal
